
Microsoft Visual Studio Solution File, Format Version 12.00
# Visual Studio Version 17
VisualStudioVersion = 17.7.34031.279
MinimumVisualStudioVersion = 10.0.40219.1
Project("{FAE04EC0-301F-11D3-BF4B-00C04F79EFBC}") = "SprintTrackerBasic", "SprintTrackerBasic.csproj", "{28799695-63B7-4C4D-97C4-A35B1E9316B4}"
EndProject
Global
	GlobalSection(SolutionConfigurationPlatforms) = preSolution
		Debug|Any CPU = Debug|Any CPU
		Release|Any CPU = Release|Any CPU
	EndGlobalSection
	GlobalSection(ProjectConfigurationPlatforms) = postSolution
		{28799695-63B7-4C4D-97C4-A35B1E9316B4}.Debug|Any CPU.ActiveCfg = Debug|Any CPU
		{28799695-63B7-4C4D-97C4-A35B1E9316B4}.Debug|Any CPU.Build.0 = Debug|Any CPU
		{28799695-63B7-4C4D-97C4-A35B1E9316B4}.Release|Any CPU.ActiveCfg = Release|Any CPU
		{28799695-63B7-4C4D-97C4-A35B1E9316B4}.Release|Any CPU.Build.0 = Release|Any CPU
	EndGlobalSection
	GlobalSection(SolutionProperties) = preSolution
		HideSolutionNode = FALSE
	EndGlobalSection
	GlobalSection(ExtensibilityGlobals) = postSolution
		SolutionGuid = {4862EE3D-7E47-462A-985F-77F72D03DECF}
	EndGlobalSection
EndGlobal
